
Microsoft Visual Studio Solution File, Format Version 12.00
# Visual Studio Version 17
VisualStudioVersion = 17.14.36623.8 d17.14
MinimumVisualStudioVersion = 10.0.40219.1
Project("{FAE04EC0-301F-11D3-BF4B-00C04F79EFBC}") = "BaseDatos1", "BaseDatos1\BaseDatos1.csproj", "{939CDEE3-E418-4C77-9F54-B5AD878880B4}"
EndProject
Global
	GlobalSection(SolutionConfigurationPlatforms) = preSolution
		Debug|Any CPU = Debug|Any CPU
		Release|Any CPU = Release|Any CPU
	EndGlobalSection
	GlobalSection(ProjectConfigurationPlatforms) = postSolution
		{939CDEE3-E418-4C77-9F54-B5AD878880B4}.Debug|Any CPU.ActiveCfg = Debug|Any CPU
		{939CDEE3-E418-4C77-9F54-B5AD878880B4}.Debug|Any CPU.Build.0 = Debug|Any CPU
		{939CDEE3-E418-4C77-9F54-B5AD878880B4}.Release|Any CPU.ActiveCfg = Release|Any CPU
		{939CDEE3-E418-4C77-9F54-B5AD878880B4}.Release|Any CPU.Build.0 = Release|Any CPU
	EndGlobalSection
	GlobalSection(SolutionProperties) = preSolution
		HideSolutionNode = FALSE
	EndGlobalSection
	GlobalSection(ExtensibilityGlobals) = postSolution
		SolutionGuid = {4261226D-68A1-4CA8-ACA4-A3A6363FFD4C}
	EndGlobalSection
EndGlobal
